<?xml version="1.0" encoding="utf-8"?>
<Project ToolsVersion="4.0" xmlns="http://schemas.microsoft.com/developer/msbuild/2003">
  <ItemGroup>
    <Filter Include="Source Files">
      <UniqueIdentifier>{4FC737F1-C7A5-4376-A066-2A32D752A2FF}</UniqueIdentifier>
      <Extensions>cpp;c;cc;cxx;def;odl;idl;hpj;bat;asm;asmx</Extensions>
    </Filter>
    <Filter Include="Header Files">
      <UniqueIdentifier>{93995380-89BD-4b04-88EB-625FBE52EBFB}</UniqueIdentifier>
      <Extensions>h;hh;hpp;hxx;hm;inl;inc;xsd</Extensions>
    </Filter>
    <Filter Include="Resource Files">
      <UniqueIdentifier>{67DA6AB6-F800-4c08-8B7A-83BB121AAD01}</UniqueIdentifier>
      <Extensions>rc;ico;cur;bmp;dlg;rc2;rct;bin;rgs;gif;jpg;jpeg;jpe;resx;tiff;tif;png;wav</Extensions>
    </Filter>
  </ItemGroup>
  <ItemGroup>
    <ClCompile Include="algorithm\kakaotest.cpp">
      <Filter>Source Files</Filter>
    </ClCompile>
    <ClCompile Include="algorithm\codeforces\test.cpp">
      <Filter>Source Files</Filter>
    </ClCompile>
    <ClCompile Include="algorithm\codeforces\577div2\A.cpp">
      <Filter>Source Files</Filter>
    </ClCompile>
    <ClCompile Include="algorithm\codeforces\577div2\B.cpp">
      <Filter>Source Files</Filter>
    </ClCompile>
    <ClCompile Include="algorithm\codeforces\577div2\C.cpp">
      <Filter>Source Files</Filter>
    </ClCompile>
    <ClCompile Include="algorithm\codeforces\577div2\D.cpp">
      <Filter>Source Files</Filter>
    </ClCompile>
    <ClCompile Include="algorithm\codeforces\579div3\A.cpp">
      <Filter>Source Files</Filter>
    </ClCompile>
    <ClCompile Include="algorithm\codeforces\579div3\B.cpp">
      <Filter>Source Files</Filter>
    </ClCompile>
    <ClCompile Include="algorithm\codeforces\579div3\C.cpp">
      <Filter>Source Files</Filter>
    </ClCompile>
    <ClCompile Include="algorithm\codeforces\579div3\D1.cpp">
      <Filter>Source Files</Filter>
    </ClCompile>
    <ClCompile Include="algorithm\codeforces\579div3\D2.cpp">
      <Filter>Source Files</Filter>
    </ClCompile>
    <ClCompile Include="algorithm\codeforces\579div3\E.cpp">
      <Filter>Source Files</Filter>
    </ClCompile>
    <ClCompile Include="algorithm\codeforces\579div3\F.cpp">
      <Filter>Source Files</Filter>
    </ClCompile>
    <ClCompile Include="algorithm\codeforces\581div2\A.cpp">
      <Filter>Source Files</Filter>
    </ClCompile>
    <ClCompile Include="algorithm\codeforces\581div2\B.cpp">
      <Filter>Source Files</Filter>
    </ClCompile>
    <ClCompile Include="algorithm\codeforces\581div2\C.cpp">
      <Filter>Source Files</Filter>
    </ClCompile>
    <ClCompile Include="algorithm\codeforces\581div2\D.cpp">
      <Filter>Source Files</Filter>
    </ClCompile>
    <ClCompile Include="algorithm\codeforces\582div3\A.cpp">
      <Filter>Source Files</Filter>
    </ClCompile>
    <ClCompile Include="algorithm\codeforces\582div3\B.cpp">
      <Filter>Source Files</Filter>
    </ClCompile>
    <ClCompile Include="algorithm\codeforces\582div3\C.cpp">
      <Filter>Source Files</Filter>
    </ClCompile>
    <ClCompile Include="algorithm\codeforces\582div3\D.cpp">
      <Filter>Source Files</Filter>
    </ClCompile>
    <ClCompile Include="algorithm\codeforces\582div3\G.cpp">
      <Filter>Source Files</Filter>
    </ClCompile>
    <ClCompile Include="algorithm\codeforces\583div12\D.cpp">
      <Filter>Source Files</Filter>
    </ClCompile>
    <ClCompile Include="algorithm\codeforces\edu71\C.cpp">
      <Filter>Source Files</Filter>
    </ClCompile>
    <ClCompile Include="algorithm\codeforces\edu71\D.cpp">
      <Filter>Source Files</Filter>
    </ClCompile>
    <ClCompile Include="algorithm\codeforces\edu71\E.cpp">
      <Filter>Source Files</Filter>
    </ClCompile>
    <ClCompile Include="algorithm\codeforces\edu71\G.cpp">
      <Filter>Source Files</Filter>
    </ClCompile>
    <ClCompile Include="cppcont\src\main.cpp">
      <Filter>Source Files</Filter>
    </ClCompile>
    <ClCompile Include="cppcont\src\Test.cpp">
      <Filter>Source Files</Filter>
    </ClCompile>
    <ClCompile Include="cppcont\src\Test2.cpp">
      <Filter>Source Files</Filter>
    </ClCompile>
    <ClCompile Include="cppcont\src\Test3.cpp">
      <Filter>Source Files</Filter>
    </ClCompile>
    <ClCompile Include="cppcont\src\Test4.cpp">
      <Filter>Source Files</Filter>
    </ClCompile>
    <ClCompile Include="cppcont\src\ch02\main.cpp">
      <Filter>Source Files</Filter>
    </ClCompile>
    <ClCompile Include="cppcont\src\ch02\p02_3.cpp">
      <Filter>Source Files</Filter>
    </ClCompile>
    <ClCompile Include="cppcont\src\ch02\p02_4.cpp">
      <Filter>Source Files</Filter>
    </ClCompile>
    <ClCompile Include="cppcont\src\ch02\p02_4_2.cpp">
      <Filter>Source Files</Filter>
    </ClCompile>
    <ClCompile Include="cppcont\src\ch03\p03_1.cpp">
      <Filter>Source Files</Filter>
    </ClCompile>
    <ClCompile Include="cppcont\src\ch03\p03_2.cpp">
      <Filter>Source Files</Filter>
    </ClCompile>
    <ClCompile Include="cppcont\src\ch03\p03_2_2.cpp">
      <Filter>Source Files</Filter>
    </ClCompile>
    <ClCompile Include="cppcont\src\ch04\p04_1.cpp">
      <Filter>Source Files</Filter>
    </ClCompile>
    <ClCompile Include="cppcont\src\ch04\p04_2.cpp">
      <Filter>Source Files</Filter>
    </ClCompile>
    <ClCompile Include="cppcont\src\ch04\p04_3.cpp">
      <Filter>Source Files</Filter>
    </ClCompile>
    <ClCompile Include="cppcont\src\ch05\p05_1.cpp">
      <Filter>Source Files</Filter>
    </ClCompile>
    <ClCompile Include="cppcont\src\ch07\p07_1.cpp">
      <Filter>Source Files</Filter>
    </ClCompile>
    <ClCompile Include="cppcont\src\ch07\p07_2.cpp">
      <Filter>Source Files</Filter>
    </ClCompile>
    <ClCompile Include="cppcont\src\ch07\p07_3.cpp">
      <Filter>Source Files</Filter>
    </ClCompile>
    <ClCompile Include="cppcont\src\ch07\p07_4.cpp">
      <Filter>Source Files</Filter>
    </ClCompile>
    <ClCompile Include="cppcont\src\ch08\p08_1.cpp">
      <Filter>Source Files</Filter>
    </ClCompile>
    <ClCompile Include="cppcont\src\ch10\p10_1.cpp">
      <Filter>Source Files</Filter>
    </ClCompile>
    <ClCompile Include="cppcont\src\ch10\p10_1_1.cpp">
      <Filter>Source Files</Filter>
    </ClCompile>
    <ClCompile Include="cppcont\src\ch10\p10_1_2.cpp">
      <Filter>Source Files</Filter>
    </ClCompile>
    <ClCompile Include="cppcont\src\ch10\p10_2.cpp">
      <Filter>Source Files</Filter>
    </ClCompile>
    <ClCompile Include="cppcont\src\ch11\p11_1.cpp">
      <Filter>Source Files</Filter>
    </ClCompile>
    <ClCompile Include="cppcont\src\ch11\p11_2.cpp">
      <Filter>Source Files</Filter>
    </ClCompile>
    <ClCompile Include="cppcont\src\ch11\p11_2_1.cpp">
      <Filter>Source Files</Filter>
    </ClCompile>
    <ClCompile Include="cppcont\src\ch11\p11_2_2.cpp">
      <Filter>Source Files</Filter>
    </ClCompile>
    <ClCompile Include="cppcont\src\ch12\String.cpp">
      <Filter>Source Files</Filter>
    </ClCompile>
    <ClCompile Include="cppcont\src\ch13\p13_1.cpp">
      <Filter>Source Files</Filter>
    </ClCompile>
    <ClCompile Include="cppcont\src\ch13\p13_1_1.cpp">
      <Filter>Source Files</Filter>
    </ClCompile>
    <ClCompile Include="cppcont\src\ch13\p13_2.cpp">
      <Filter>Source Files</Filter>
    </ClCompile>
    <ClCompile Include="cppcont\src\cpp_src\chapter 1 source\BetweenAdder.cpp">
      <Filter>Source Files</Filter>
    </ClCompile>
    <ClCompile Include="cppcont\src\cpp_src\chapter 1 source\DefaultValue1.cpp">
      <Filter>Source Files</Filter>
    </ClCompile>
    <ClCompile Include="cppcont\src\cpp_src\chapter 1 source\DefaultValue2.cpp">
      <Filter>Source Files</Filter>
    </ClCompile>
    <ClCompile Include="cppcont\src\cpp_src\chapter 1 source\DefaultValue3.cpp">
      <Filter>Source Files</Filter>
    </ClCompile>
    <ClCompile Include="cppcont\src\cpp_src\chapter 1 source\FunctionOverloading.cpp">
      <Filter>Source Files</Filter>
    </ClCompile>
    <ClCompile Include="cppcont\src\cpp_src\chapter 1 source\HelloWorld.cpp">
      <Filter>Source Files</Filter>
    </ClCompile>
    <ClCompile Include="cppcont\src\cpp_src\chapter 1 source\InlineFunc.cpp">
      <Filter>Source Files</Filter>
    </ClCompile>
    <ClCompile Include="cppcont\src\cpp_src\chapter 1 source\NameAlias.cpp">
      <Filter>Source Files</Filter>
    </ClCompile>
    <ClCompile Include="cppcont\src\cpp_src\chapter 1 source\NameSp1.cpp">
      <Filter>Source Files</Filter>
    </ClCompile>
    <ClCompile Include="cppcont\src\cpp_src\chapter 1 source\NameSp2.cpp">
      <Filter>Source Files</Filter>
    </ClCompile>
    <ClCompile Include="cppcont\src\cpp_src\chapter 1 source\NameSp3.cpp">
      <Filter>Source Files</Filter>
    </ClCompile>
    <ClCompile Include="cppcont\src\cpp_src\chapter 1 source\SimpleAdder.cpp">
      <Filter>Source Files</Filter>
    </ClCompile>
    <ClCompile Include="cppcont\src\cpp_src\chapter 1 source\StringIO.cpp">
      <Filter>Source Files</Filter>
    </ClCompile>
    <ClCompile Include="cppcont\src\cpp_src\chapter 1 source\UsingDcl1.cpp">
      <Filter>Source Files</Filter>
    </ClCompile>
    <ClCompile Include="cppcont\src\cpp_src\chapter 1 source\UsingDcl2.cpp">
      <Filter>Source Files</Filter>
    </ClCompile>
    <ClCompile Include="cppcont\src\cpp_src\chapter 1 source\UsingDcl3.cpp">
      <Filter>Source Files</Filter>
    </ClCompile>
    <ClCompile Include="cppcont\src\cpp_src\chapter 1 source\oop 단계별 프로젝트 01단계\BankingSystemVer01.cpp">
      <Filter>Source Files</Filter>
    </ClCompile>
    <ClCompile Include="cppcont\src\cpp_src\chapter 10 source\CommuMultipleOperation.cpp">
      <Filter>Source Files</Filter>
    </ClCompile>
    <ClCompile Include="cppcont\src\cpp_src\chapter 10 source\ConsoleOutput.cpp">
      <Filter>Source Files</Filter>
    </ClCompile>
    <ClCompile Include="cppcont\src\cpp_src\chapter 10 source\FirstOperationOverloading.cpp">
      <Filter>Source Files</Filter>
    </ClCompile>
    <ClCompile Include="cppcont\src\cpp_src\chapter 10 source\GFunctionOverloading.cpp">
      <Filter>Source Files</Filter>
    </ClCompile>
    <ClCompile Include="cppcont\src\cpp_src\chapter 10 source\IterateConsoleOutput.cpp">
      <Filter>Source Files</Filter>
    </ClCompile>
    <ClCompile Include="cppcont\src\cpp_src\chapter 10 source\OneOpndOverloading.cpp">
      <Filter>Source Files</Filter>
    </ClCompile>
    <ClCompile Include="cppcont\src\cpp_src\chapter 10 source\OverloadingOperation.cpp">
      <Filter>Source Files</Filter>
    </ClCompile>
    <ClCompile Include="cppcont\src\cpp_src\chapter 10 source\PointConsoleOutput.cpp">
      <Filter>Source Files</Filter>
    </ClCompile>
    <ClCompile Include="cppcont\src\cpp_src\chapter 10 source\PointMultipleOperation.cpp">
      <Filter>Source Files</Filter>
    </ClCompile>
    <ClCompile Include="cppcont\src\cpp_src\chapter 10 source\PostOpndOverloading.cpp">
      <Filter>Source Files</Filter>
    </ClCompile>
    <ClCompile Include="cppcont\src\cpp_src\chapter 11 source\ArrayClass.cpp">
      <Filter>Source Files</Filter>
    </ClCompile>
    <ClCompile Include="cppcont\src\cpp_src\chapter 11 source\ArrayNewDeleteOverloading.cpp">
      <Filter>Source Files</Filter>
    </ClCompile>
    <ClCompile Include="cppcont\src\cpp_src\chapter 11 source\AssignOperation.cpp">
      <Filter>Source Files</Filter>
    </ClCompile>
    <ClCompile Include="cppcont\src\cpp_src\chapter 11 source\AssignShallowCopyError.cpp">
      <Filter>Source Files</Filter>
    </ClCompile>
    <ClCompile Include="cppcont\src\cpp_src\chapter 11 source\ConvToObject.cpp">
      <Filter>Source Files</Filter>
    </ClCompile>
    <ClCompile Include="cppcont\src\cpp_src\chapter 11 source\ConvToPrimitive.cpp">
      <Filter>Source Files</Filter>
    </ClCompile>
    <ClCompile Include="cppcont\src\cpp_src\chapter 11 source\FirstOperationOverloading.cpp">
      <Filter>Source Files</Filter>
    </ClCompile>
    <ClCompile Include="cppcont\src\cpp_src\chapter 11 source\Functor.cpp">
      <Filter>Source Files</Filter>
    </ClCompile>
    <ClCompile Include="cppcont\src\cpp_src\chapter 11 source\ImproveInit.cpp">
      <Filter>Source Files</Filter>
    </ClCompile>
    <ClCompile Include="cppcont\src\cpp_src\chapter 11 source\InheritAssignOperation.cpp">
      <Filter>Source Files</Filter>
    </ClCompile>
    <ClCompile Include="cppcont\src\cpp_src\chapter 11 source\NewDeleteOverloading.cpp">
      <Filter>Source Files</Filter>
    </ClCompile>
    <ClCompile Include="cppcont\src\cpp_src\chapter 11 source\PointerOperatorOverloading.cpp">
      <Filter>Source Files</Filter>
    </ClCompile>
    <ClCompile Include="cppcont\src\cpp_src\chapter 11 source\SmartPointer.cpp">
      <Filter>Source Files</Filter>
    </ClCompile>
    <ClCompile Include="cppcont\src\cpp_src\chapter 11 source\SortFunctor.cpp">
      <Filter>Source Files</Filter>
    </ClCompile>
    <ClCompile Include="cppcont\src\cpp_src\chapter 11 source\StableArrayClass.cpp">
      <Filter>Source Files</Filter>
    </ClCompile>
    <ClCompile Include="cppcont\src\cpp_src\chapter 11 source\StableAssignOperation.cpp">
      <Filter>Source Files</Filter>
    </ClCompile>
    <ClCompile Include="cppcont\src\cpp_src\chapter 11 source\StableConstArrayProb.cpp">
      <Filter>Source Files</Filter>
    </ClCompile>
    <ClCompile Include="cppcont\src\cpp_src\chapter 11 source\StableConstArraySolu.cpp">
      <Filter>Source Files</Filter>
    </ClCompile>
    <ClCompile Include="cppcont\src\cpp_src\chapter 11 source\StablePointObjArray.cpp">
      <Filter>Source Files</Filter>
    </ClCompile>
    <ClCompile Include="cppcont\src\cpp_src\chapter 11 source\StablePointPtrArray.cpp">
      <Filter>Source Files</Filter>
    </ClCompile>
    <ClCompile Include="cppcont\src\cpp_src\chapter 11 source\oop 단계별 프로젝트 08단계\Account.cpp">
      <Filter>Source Files</Filter>
    </ClCompile>
    <ClCompile Include="cppcont\src\cpp_src\chapter 11 source\oop 단계별 프로젝트 08단계\AccountArray.cpp">
      <Filter>Source Files</Filter>
    </ClCompile>
    <ClCompile Include="cppcont\src\cpp_src\chapter 11 source\oop 단계별 프로젝트 08단계\AccountHandler.cpp">
      <Filter>Source Files</Filter>
    </ClCompile>
    <ClCompile Include="cppcont\src\cpp_src\chapter 11 source\oop 단계별 프로젝트 08단계\BankingSystemMain.cpp">
      <Filter>Source Files</Filter>
    </ClCompile>
    <ClCompile Include="cppcont\src\cpp_src\chapter 12 soruce\STDString.cpp">
      <Filter>Source Files</Filter>
    </ClCompile>
    <ClCompile Include="cppcont\src\cpp_src\chapter 12 soruce\StringClass.cpp">
      <Filter>Source Files</Filter>
    </ClCompile>
    <ClCompile Include="cppcont\src\cpp_src\chapter 12 soruce\oop 단계별 프로젝트 09단계\Account.cpp">
      <Filter>Source Files</Filter>
    </ClCompile>
    <ClCompile Include="cppcont\src\cpp_src\chapter 12 soruce\oop 단계별 프로젝트 09단계\AccountArray.cpp">
      <Filter>Source Files</Filter>
    </ClCompile>
    <ClCompile Include="cppcont\src\cpp_src\chapter 12 soruce\oop 단계별 프로젝트 09단계\AccountHandler.cpp">
      <Filter>Source Files</Filter>
    </ClCompile>
    <ClCompile Include="cppcont\src\cpp_src\chapter 12 soruce\oop 단계별 프로젝트 09단계\BankingSystemMain.cpp">
      <Filter>Source Files</Filter>
    </ClCompile>
    <ClCompile Include="cppcont\src\cpp_src\chapter 12 soruce\oop 단계별 프로젝트 09단계\String.cpp">
      <Filter>Source Files</Filter>
    </ClCompile>
    <ClCompile Include="cppcont\src\cpp_src\chapter 13 source\AddFunctionTemplate.cpp">
      <Filter>Source Files</Filter>
    </ClCompile>
    <ClCompile Include="cppcont\src\cpp_src\chapter 13 source\NeedSpecialFunctionTemplate.cpp">
      <Filter>Source Files</Filter>
    </ClCompile>
    <ClCompile Include="cppcont\src\cpp_src\chapter 13 source\PointClassTemplate.cpp">
      <Filter>Source Files</Filter>
    </ClCompile>
    <ClCompile Include="cppcont\src\cpp_src\chapter 13 source\PointClassTemplateFuncDef.cpp">
      <Filter>Source Files</Filter>
    </ClCompile>
    <ClCompile Include="cppcont\src\cpp_src\chapter 13 source\PrimitiveFunctionTemplate.cpp">
      <Filter>Source Files</Filter>
    </ClCompile>
    <ClCompile Include="cppcont\src\cpp_src\chapter 13 source\SpecialFunctionTemplate.cpp">
      <Filter>Source Files</Filter>
    </ClCompile>
    <ClCompile Include="cppcont\src\cpp_src\chapter 13 source\TwoTypeAddFunction.cpp">
      <Filter>Source Files</Filter>
    </ClCompile>
    <ClCompile Include="cppcont\src\cpp_src\chapter 13 source\oop 단계별 프로젝트 10단계\Account.cpp">
      <Filter>Source Files</Filter>
    </ClCompile>
    <ClCompile Include="cppcont\src\cpp_src\chapter 13 source\oop 단계별 프로젝트 10단계\AccountHandler.cpp">
      <Filter>Source Files</Filter>
    </ClCompile>
    <ClCompile Include="cppcont\src\cpp_src\chapter 13 source\oop 단계별 프로젝트 10단계\BankingSystemMain.cpp">
      <Filter>Source Files</Filter>
    </ClCompile>
    <ClCompile Include="cppcont\src\cpp_src\chapter 13 source\oop 단계별 프로젝트 10단계\String.cpp">
      <Filter>Source Files</Filter>
    </ClCompile>
    <ClCompile Include="cppcont\src\cpp_src\chapter 13 source\template array\BoundArrayMain.cpp">
      <Filter>Source Files</Filter>
    </ClCompile>
    <ClCompile Include="cppcont\src\cpp_src\chapter 13 source\template array\Point.cpp">
      <Filter>Source Files</Filter>
    </ClCompile>
    <ClCompile Include="cppcont\src\cpp_src\chapter 13 source\template header\PointMain.cpp">
      <Filter>Source Files</Filter>
    </ClCompile>
    <ClCompile Include="cppcont\src\cpp_src\chapter 13 source\template header\PointTemplate.cpp">
      <Filter>Source Files</Filter>
    </ClCompile>
    <ClCompile Include="cppcont\src\cpp_src\chapter 14 source\ClassTemplatePartialSpecialization.cpp">
      <Filter>Source Files</Filter>
    </ClCompile>
    <ClCompile Include="cppcont\src\cpp_src\chapter 14 source\ClassTemplateSpecialization.cpp">
      <Filter>Source Files</Filter>
    </ClCompile>
    <ClCompile Include="cppcont\src\cpp_src\chapter 14 source\ClassTemplateStaticMem.cpp">
      <Filter>Source Files</Filter>
    </ClCompile>
    <ClCompile Include="cppcont\src\cpp_src\chapter 14 source\FunctionTemplateStaticVar.cpp">
      <Filter>Source Files</Filter>
    </ClCompile>
    <ClCompile Include="cppcont\src\cpp_src\chapter 14 source\NonTypeTemplateParam.cpp">
      <Filter>Source Files</Filter>
    </ClCompile>
    <ClCompile Include="cppcont\src\cpp_src\chapter 14 source\PointTemplateFriendFunction.cpp">
      <Filter>Source Files</Filter>
    </ClCompile>
    <ClCompile Include="cppcont\src\cpp_src\chapter 14 source\TemplateParamDefaultValue.cpp">
      <Filter>Source Files</Filter>
    </ClCompile>
    <ClCompile Include="cppcont\src\cpp_src\chapter 14 source\template array\BoundArrayMain.cpp">
      <Filter>Source Files</Filter>
    </ClCompile>
    <ClCompile Include="cppcont\src\cpp_src\chapter 15 source\ATMSim.cpp">
      <Filter>Source Files</Filter>
    </ClCompile>
    <ClCompile Include="cppcont\src\cpp_src\chapter 15 source\ATMSim2.cpp">
      <Filter>Source Files</Filter>
    </ClCompile>
    <ClCompile Include="cppcont\src\cpp_src\chapter 15 source\BadAlloc.cpp">
      <Filter>Source Files</Filter>
    </ClCompile>
    <ClCompile Include="cppcont\src\cpp_src\chapter 15 source\CatchFlow.cpp">
      <Filter>Source Files</Filter>
    </ClCompile>
    <ClCompile Include="cppcont\src\cpp_src\chapter 15 source\CatchList.cpp">
      <Filter>Source Files</Filter>
    </ClCompile>
    <ClCompile Include="cppcont\src\cpp_src\chapter 15 source\catch_over2.cpp">
      <Filter>Source Files</Filter>
    </ClCompile>
    <ClCompile Include="cppcont\src\cpp_src\chapter 15 source\DiffHandlingPosition.cpp">
      <Filter>Source Files</Filter>
    </ClCompile>
    <ClCompile Include="cppcont\src\cpp_src\chapter 15 source\HandlingExceptionTryCatch.cpp">
      <Filter>Source Files</Filter>
    </ClCompile>
    <ClCompile Include="cppcont\src\cpp_src\chapter 15 source\HandlingExceptionUseIf.cpp">
      <Filter>Source Files</Filter>
    </ClCompile>
    <ClCompile Include="cppcont\src\cpp_src\chapter 15 source\inheri_catch1.cpp">
      <Filter>Source Files</Filter>
    </ClCompile>
    <ClCompile Include="cppcont\src\cpp_src\chapter 15 source\inheri_catch2.cpp">
      <Filter>Source Files</Filter>
    </ClCompile>
    <ClCompile Include="cppcont\src\cpp_src\chapter 15 source\OOhandling.cpp">
      <Filter>Source Files</Filter>
    </ClCompile>
    <ClCompile Include="cppcont\src\cpp_src\chapter 15 source\OOhandlingflow.cpp">
      <Filter>Source Files</Filter>
    </ClCompile>
    <ClCompile Include="cppcont\src\cpp_src\chapter 15 source\PassException.cpp">
      <Filter>Source Files</Filter>
    </ClCompile>
    <ClCompile Include="cppcont\src\cpp_src\chapter 15 source\ReThrow.cpp">
      <Filter>Source Files</Filter>
    </ClCompile>
    <ClCompile Include="cppcont\src\cpp_src\chapter 15 source\StackUnwinding.cpp">
      <Filter>Source Files</Filter>
    </ClCompile>
    <ClCompile Include="cppcont\src\cpp_src\chapter 15 source\unhandle_exp1.cpp">
      <Filter>Source Files</Filter>
    </ClCompile>
    <ClCompile Include="cppcont\src\cpp_src\chapter 15 source\unhandle_exp2.cpp">
      <Filter>Source Files</Filter>
    </ClCompile>
    <ClCompile Include="cppcont\src\cpp_src\chapter 15 source\UnhandlingException.cpp">
      <Filter>Source Files</Filter>
    </ClCompile>
    <ClCompile Include="cppcont\src\cpp_src\chapter 15 source\oop 단계별 프로젝트 11단계\Account.cpp">
      <Filter>Source Files</Filter>
    </ClCompile>
    <ClCompile Include="cppcont\src\cpp_src\chapter 15 source\oop 단계별 프로젝트 11단계\AccountHandler.cpp">
      <Filter>Source Files</Filter>
    </ClCompile>
    <ClCompile Include="cppcont\src\cpp_src\chapter 15 source\oop 단계별 프로젝트 11단계\BankingSystemMain.cpp">
      <Filter>Source Files</Filter>
    </ClCompile>
    <ClCompile Include="cppcont\src\cpp_src\chapter 15 source\oop 단계별 프로젝트 11단계\String.cpp">
      <Filter>Source Files</Filter>
    </ClCompile>
    <ClCompile Include="cppcont\src\cpp_src\chapter 16 source\ConstCasting.cpp">
      <Filter>Source Files</Filter>
    </ClCompile>
    <ClCompile Include="cppcont\src\cpp_src\chapter 16 source\DynamicBadCastRef.cpp">
      <Filter>Source Files</Filter>
    </ClCompile>
    <ClCompile Include="cppcont\src\cpp_src\chapter 16 source\DynamicCasting.cpp">
      <Filter>Source Files</Filter>
    </ClCompile>
    <ClCompile Include="cppcont\src\cpp_src\chapter 16 source\DynamicPolymorphicCasting.cpp">
      <Filter>Source Files</Filter>
    </ClCompile>
    <ClCompile Include="cppcont\src\cpp_src\chapter 16 source\PolymorphicDynamicCasting.cpp">
      <Filter>Source Files</Filter>
    </ClCompile>
    <ClCompile Include="cppcont\src\cpp_src\chapter 16 source\PolymorphicStableCasting.cpp">
      <Filter>Source Files</Filter>
    </ClCompile>
    <ClCompile Include="cppcont\src\cpp_src\chapter 16 source\PowerfullCasting.cpp">
      <Filter>Source Files</Filter>
    </ClCompile>
    <ClCompile Include="cppcont\src\cpp_src\chapter 16 source\ReinterpretCasting.cpp">
      <Filter>Source Files</Filter>
    </ClCompile>
    <ClCompile Include="cppcont\src\cpp_src\chapter 16 source\StaticCasting.cpp">
      <Filter>Source Files</Filter>
    </ClCompile>
    <ClCompile Include="cppcont\src\cpp_src\chapter 2 source\DataTypeBool.cpp">
      <Filter>Source Files</Filter>
    </ClCompile>
    <ClCompile Include="cppcont\src\cpp_src\chapter 2 source\MemMalFree.cpp">
      <Filter>Source Files</Filter>
    </ClCompile>
    <ClCompile Include="cppcont\src\cpp_src\chapter 2 source\NewDelete.cpp">
      <Filter>Source Files</Filter>
    </ClCompile>
    <ClCompile Include="cppcont\src\cpp_src\chapter 2 source\NewObject.cpp">
      <Filter>Source Files</Filter>
    </ClCompile>
    <ClCompile Include="cppcont\src\cpp_src\chapter 2 source\RefArrElem.cpp">
      <Filter>Source Files</Filter>
    </ClCompile>
    <ClCompile Include="cppcont\src\cpp_src\chapter 2 source\Referen.cpp">
      <Filter>Source Files</Filter>
    </ClCompile>
    <ClCompile Include="cppcont\src\cpp_src\chapter 2 source\RefPtr.cpp">
      <Filter>Source Files</Filter>
    </ClCompile>
    <ClCompile Include="cppcont\src\cpp_src\chapter 2 source\RefReturnOne.cpp">
      <Filter>Source Files</Filter>
    </ClCompile>
    <ClCompile Include="cppcont\src\cpp_src\chapter 2 source\RefReturnThree.cpp">
      <Filter>Source Files</Filter>
    </ClCompile>
    <ClCompile Include="cppcont\src\cpp_src\chapter 2 source\RefReturnTwo.cpp">
      <Filter>Source Files</Filter>
    </ClCompile>
    <ClCompile Include="cppcont\src\cpp_src\chapter 2 source\RefSwap.cpp">
      <Filter>Source Files</Filter>
    </ClCompile>
    <ClCompile Include="cppcont\src\cpp_src\chapter 2 source\StdCPPFunc.cpp">
      <Filter>Source Files</Filter>
    </ClCompile>
    <ClCompile Include="cppcont\src\cpp_src\chapter 2 source\TrueAndFalse.cpp">
      <Filter>Source Files</Filter>
    </ClCompile>
    <ClCompile Include="cppcont\src\cpp_src\chapter 3 source\FruitSaleSim1.cpp">
      <Filter>Source Files</Filter>
    </ClCompile>
    <ClCompile Include="cppcont\src\cpp_src\chapter 3 source\RacingCar.cpp">
      <Filter>Source Files</Filter>
    </ClCompile>
    <ClCompile Include="cppcont\src\cpp_src\chapter 3 source\RacingCarClassBase.cpp">
      <Filter>Source Files</Filter>
    </ClCompile>
    <ClCompile Include="cppcont\src\cpp_src\chapter 3 source\RacingCarEnum.cpp">
      <Filter>Source Files</Filter>
    </ClCompile>
    <ClCompile Include="cppcont\src\cpp_src\chapter 3 source\RacingCarFuncAdd.cpp">
      <Filter>Source Files</Filter>
    </ClCompile>
    <ClCompile Include="cppcont\src\cpp_src\chapter 3 source\RacingCarOuterFunc.cpp">
      <Filter>Source Files</Filter>
    </ClCompile>
    <ClCompile Include="cppcont\src\cpp_src\chapter 3 source\inline파일분할\CarInline.cpp">
      <Filter>Source Files</Filter>
    </ClCompile>
    <ClCompile Include="cppcont\src\cpp_src\chapter 3 source\inline파일분할\RacingInlineMain.cpp">
      <Filter>Source Files</Filter>
    </ClCompile>
    <ClCompile Include="cppcont\src\cpp_src\chapter 3 source\파일분할\Car.cpp">
      <Filter>Source Files</Filter>
    </ClCompile>
    <ClCompile Include="cppcont\src\cpp_src\chapter 3 source\파일분할\RacingMain.cpp">
      <Filter>Source Files</Filter>
    </ClCompile>
    <ClCompile Include="cppcont\src\cpp_src\chapter 4 source\Constructor1.cpp">
      <Filter>Source Files</Filter>
    </ClCompile>
    <ClCompile Include="cppcont\src\cpp_src\chapter 4 source\Constructor2.cpp">
      <Filter>Source Files</Filter>
    </ClCompile>
    <ClCompile Include="cppcont\src\cpp_src\chapter 4 source\Destructor.cpp">
      <Filter>Source Files</Filter>
    </ClCompile>
    <ClCompile Include="cppcont\src\cpp_src\chapter 4 source\Encaps1.cpp">
      <Filter>Source Files</Filter>
    </ClCompile>
    <ClCompile Include="cppcont\src\cpp_src\chapter 4 source\Encaps2.cpp">
      <Filter>Source Files</Filter>
    </ClCompile>
    <ClCompile Include="cppcont\src\cpp_src\chapter 4 source\FruitSaleSim2.cpp">
      <Filter>Source Files</Filter>
    </ClCompile>
    <ClCompile Include="cppcont\src\cpp_src\chapter 4 source\FruitSaleSim3.cpp">
      <Filter>Source Files</Filter>
    </ClCompile>
    <ClCompile Include="cppcont\src\cpp_src\chapter 4 source\ObjArr.cpp">
      <Filter>Source Files</Filter>
    </ClCompile>
    <ClCompile Include="cppcont\src\cpp_src\chapter 4 source\ObjPtrArr.cpp">
      <Filter>Source Files</Filter>
    </ClCompile>
    <ClCompile Include="cppcont\src\cpp_src\chapter 4 source\PointerThis.cpp">
      <Filter>Source Files</Filter>
    </ClCompile>
    <ClCompile Include="cppcont\src\cpp_src\chapter 4 source\PrivateConstructor.cpp">
      <Filter>Source Files</Filter>
    </ClCompile>
    <ClCompile Include="cppcont\src\cpp_src\chapter 4 source\RectangleFault.cpp">
      <Filter>Source Files</Filter>
    </ClCompile>
    <ClCompile Include="cppcont\src\cpp_src\chapter 4 source\ReferenceMember.cpp">
      <Filter>Source Files</Filter>
    </ClCompile>
    <ClCompile Include="cppcont\src\cpp_src\chapter 4 source\SelfRef.cpp">
      <Filter>Source Files</Filter>
    </ClCompile>
    <ClCompile Include="cppcont\src\cpp_src\chapter 4 source\UsefulThisPtr.cpp">
      <Filter>Source Files</Filter>
    </ClCompile>
    <ClCompile Include="cppcont\src\cpp_src\chapter 4 source\oop 단계별 프로젝트 02단계\BankingSystemVer02.cpp">
      <Filter>Source Files</Filter>
    </ClCompile>
    <ClCompile Include="cppcont\src\cpp_src\chapter 4 source\rectanglefaultfind\Point.cpp">
      <Filter>Source Files</Filter>
    </ClCompile>
    <ClCompile Include="cppcont\src\cpp_src\chapter 4 source\rectanglefaultfind\Rectangle.cpp">
      <Filter>Source Files</Filter>
    </ClCompile>
    <ClCompile Include="cppcont\src\cpp_src\chapter 4 source\rectanglefaultfind\RectangleFaultFind.cpp">
      <Filter>Source Files</Filter>
    </ClCompile>
    <ClCompile Include="cppcont\src\cpp_src\chapter 4 source\rectanglefaultfindconstadded\Point.cpp">
      <Filter>Source Files</Filter>
    </ClCompile>
    <ClCompile Include="cppcont\src\cpp_src\chapter 4 source\rectanglefaultfindconstadded\Rectangle.cpp">
      <Filter>Source Files</Filter>
    </ClCompile>
    <ClCompile Include="cppcont\src\cpp_src\chapter 4 source\rectanglefaultfindconstadded\RectangleConstructor.cpp">
      <Filter>Source Files</Filter>
    </ClCompile>
    <ClCompile Include="cppcont\src\cpp_src\chapter 5 source\ClassInit.cpp">
      <Filter>Source Files</Filter>
    </ClCompile>
    <ClCompile Include="cppcont\src\cpp_src\chapter 5 source\DeepCopyCon.cpp">
      <Filter>Source Files</Filter>
    </ClCompile>
    <ClCompile Include="cppcont\src\cpp_src\chapter 5 source\IKnowTempObj.cpp">
      <Filter>Source Files</Filter>
    </ClCompile>
    <ClCompile Include="cppcont\src\cpp_src\chapter 5 source\PassObjCopycon.cpp">
      <Filter>Source Files</Filter>
    </ClCompile>
    <ClCompile Include="cppcont\src\cpp_src\chapter 5 source\ReturnObjCopycon.cpp">
      <Filter>Source Files</Filter>
    </ClCompile>
    <ClCompile Include="cppcont\src\cpp_src\chapter 5 source\ReturnObjDeadTime.cpp">
      <Filter>Source Files</Filter>
    </ClCompile>
    <ClCompile Include="cppcont\src\cpp_src\chapter 5 source\ShallowCopyError.cpp">
      <Filter>Source Files</Filter>
    </ClCompile>
    <ClCompile Include="cppcont\src\cpp_src\chapter 5 source\oop 단계별 프로젝트 03단계\BankingSystemVer03.cpp">
      <Filter>Source Files</Filter>
    </ClCompile>
    <ClCompile Include="cppcont\src\cpp_src\chapter 6 source\CComStatic.cpp">
      <Filter>Source Files</Filter>
    </ClCompile>
    <ClCompile Include="cppcont\src\cpp_src\chapter 6 source\ConstObject.cpp">
      <Filter>Source Files</Filter>
    </ClCompile>
    <ClCompile Include="cppcont\src\cpp_src\chapter 6 source\ConstOverloading.cpp">
      <Filter>Source Files</Filter>
    </ClCompile>
    <ClCompile Include="cppcont\src\cpp_src\chapter 6 source\ConstStaticMember.cpp">
      <Filter>Source Files</Filter>
    </ClCompile>
    <ClCompile Include="cppcont\src\cpp_src\chapter 6 source\Mutable.cpp">
      <Filter>Source Files</Filter>
    </ClCompile>
    <ClCompile Include="cppcont\src\cpp_src\chapter 6 source\MyFriendClass.cpp">
      <Filter>Source Files</Filter>
    </ClCompile>
    <ClCompile Include="cppcont\src\cpp_src\chapter 6 source\MyFriendFunction.cpp">
      <Filter>Source Files</Filter>
    </ClCompile>
    <ClCompile Include="cppcont\src\cpp_src\chapter 6 source\NeedGlobal.cpp">
      <Filter>Source Files</Filter>
    </ClCompile>
    <ClCompile Include="cppcont\src\cpp_src\chapter 6 source\PublicStaticMember.cpp">
      <Filter>Source Files</Filter>
    </ClCompile>
    <ClCompile Include="cppcont\src\cpp_src\chapter 6 source\StaticMember.cpp">
      <Filter>Source Files</Filter>
    </ClCompile>
    <ClCompile Include="cppcont\src\cpp_src\chapter 6 source\oop 단계별 프로젝트 04단계\BankingSystemVer04.cpp">
      <Filter>Source Files</Filter>
    </ClCompile>
    <ClCompile Include="cppcont\src\cpp_src\chapter 7 soruce\DerivCreOrder.cpp">
      <Filter>Source Files</Filter>
    </ClCompile>
    <ClCompile Include="cppcont\src\cpp_src\chapter 7 soruce\DerivDestOrder.cpp">
      <Filter>Source Files</Filter>
    </ClCompile>
    <ClCompile Include="cppcont\src\cpp_src\chapter 7 soruce\DestModel.cpp">
      <Filter>Source Files</Filter>
    </ClCompile>
    <ClCompile Include="cppcont\src\cpp_src\chapter 7 soruce\EmployeeManager1.cpp">
      <Filter>Source Files</Filter>
    </ClCompile>
    <ClCompile Include="cppcont\src\cpp_src\chapter 7 soruce\HASComposite.cpp">
      <Filter>Source Files</Filter>
    </ClCompile>
    <ClCompile Include="cppcont\src\cpp_src\chapter 7 soruce\HASInheritance.cpp">
      <Filter>Source Files</Filter>
    </ClCompile>
    <ClCompile Include="cppcont\src\cpp_src\chapter 7 soruce\ISAInheritance.cpp">
      <Filter>Source Files</Filter>
    </ClCompile>
    <ClCompile Include="cppcont\src\cpp_src\chapter 7 soruce\ProtectedHeri.cpp">
      <Filter>Source Files</Filter>
    </ClCompile>
    <ClCompile Include="cppcont\src\cpp_src\chapter 7 soruce\UnivStudentInheri.cpp">
      <Filter>Source Files</Filter>
    </ClCompile>
    <ClCompile Include="cppcont\src\cpp_src\chapter 7 soruce\oop 단계별 프로젝트 05단계\BankingSystemVer05.cpp">
      <Filter>Source Files</Filter>
    </ClCompile>
    <ClCompile Include="cppcont\src\cpp_src\chapter 8 source\EmployeeManager2.cpp">
      <Filter>Source Files</Filter>
    </ClCompile>
    <ClCompile Include="cppcont\src\cpp_src\chapter 8 source\EmployeeManager3.cpp">
      <Filter>Source Files</Filter>
    </ClCompile>
    <ClCompile Include="cppcont\src\cpp_src\chapter 8 source\EmployeeManager4.cpp">
      <Filter>Source Files</Filter>
    </ClCompile>
    <ClCompile Include="cppcont\src\cpp_src\chapter 8 source\EmployeeManager5.cpp">
      <Filter>Source Files</Filter>
    </ClCompile>
    <ClCompile Include="cppcont\src\cpp_src\chapter 8 source\FunctionOverride.cpp">
      <Filter>Source Files</Filter>
    </ClCompile>
    <ClCompile Include="cppcont\src\cpp_src\chapter 8 source\FunctionVirtualOverride.cpp">
      <Filter>Source Files</Filter>
    </ClCompile>
    <ClCompile Include="cppcont\src\cpp_src\chapter 8 source\ObjectPointer.cpp">
      <Filter>Source Files</Filter>
    </ClCompile>
    <ClCompile Include="cppcont\src\cpp_src\chapter 8 source\ReferenceAttribute.cpp">
      <Filter>Source Files</Filter>
    </ClCompile>
    <ClCompile Include="cppcont\src\cpp_src\chapter 8 source\VirtualDestructor.cpp">
      <Filter>Source Files</Filter>
    </ClCompile>
    <ClCompile Include="cppcont\src\cpp_src\chapter 8 source\oop 단계별 프로젝트 06단계\BankingSystemVer06.cpp">
      <Filter>Source Files</Filter>
    </ClCompile>
    <ClCompile Include="cppcont\src\cpp_src\chapter 9 source\MultiInheri1.cpp">
      <Filter>Source Files</Filter>
    </ClCompile>
    <ClCompile Include="cppcont\src\cpp_src\chapter 9 source\MultiInheri2.cpp">
      <Filter>Source Files</Filter>
    </ClCompile>
    <ClCompile Include="cppcont\src\cpp_src\chapter 9 source\MultiInheri3.cpp">
      <Filter>Source Files</Filter>
    </ClCompile>
    <ClCompile Include="cppcont\src\cpp_src\chapter 9 source\RealObjUnder1.cpp">
      <Filter>Source Files</Filter>
    </ClCompile>
    <ClCompile Include="cppcont\src\cpp_src\chapter 9 source\RealObjUnder2.cpp">
      <Filter>Source Files</Filter>
    </ClCompile>
    <ClCompile Include="cppcont\src\cpp_src\chapter 9 source\VirtualInternal.cpp">
      <Filter>Source Files</Filter>
    </ClCompile>
    <ClCompile Include="cppcont\src\cpp_src\chapter 9 source\oop 단계별 프로젝트 07단계\Account.cpp">
      <Filter>Source Files</Filter>
    </ClCompile>
    <ClCompile Include="cppcont\src\cpp_src\chapter 9 source\oop 단계별 프로젝트 07단계\AccountHandler.cpp">
      <Filter>Source Files</Filter>
    </ClCompile>
    <ClCompile Include="cppcont\src\cpp_src\chapter 9 source\oop 단계별 프로젝트 07단계\BankingSystemMain.cpp">
      <Filter>Source Files</Filter>
    </ClCompile>
    <ClCompile Include="cppcont\src\namesp2\main.cpp">
      <Filter>Source Files</Filter>
    </ClCompile>
    <ClCompile Include="cppcont\src\namesp2\twofunc.cpp">
      <Filter>Source Files</Filter>
    </ClCompile>
    <ClCompile Include="Algorithm\2019\2019snu\c.cpp">
      <Filter>Source Files</Filter>
    </ClCompile>
    <ClCompile Include="Algorithm\2019\2019snu\D.cpp">
      <Filter>Source Files</Filter>
    </ClCompile>
    <ClCompile Include="Algorithm\2019\2019snu\e.cpp">
      <Filter>Source Files</Filter>
    </ClCompile>
    <ClCompile Include="Algorithm\2019\Mon_06\retry\Alg1516.cpp">
      <Filter>Source Files</Filter>
    </ClCompile>
    <ClCompile Include="Algorithm\2019\Mon_06\retry\Alg1766.cpp">
      <Filter>Source Files</Filter>
    </ClCompile>
    <ClCompile Include="Algorithm\2019\Mon_06\retry\Alg2529.cpp">
      <Filter>Source Files</Filter>
    </ClCompile>
    <ClCompile Include="Algorithm\2019\Mon_06\retry\Alg12763.cpp">
      <Filter>Source Files</Filter>
    </ClCompile>
    <ClCompile Include="Algorithm\2019\Mon_06\retry\Alg12763_2.cpp">
      <Filter>Source Files</Filter>
    </ClCompile>
    <ClCompile Include="Algorithm\2019\Mon_06\scafolding\Alg11000.cpp">
      <Filter>Source Files</Filter>
    </ClCompile>
    <ClCompile Include="Algorithm\2019\Mon_06\Alg1002.cpp">
      <Filter>Source Files</Filter>
    </ClCompile>
    <ClCompile Include="Algorithm\2019\Mon_06\Alg1012.cpp">
      <Filter>Source Files</Filter>
    </ClCompile>
    <ClCompile Include="Algorithm\2019\Mon_06\Alg1018.cpp">
      <Filter>Source Files</Filter>
    </ClCompile>
    <ClCompile Include="Algorithm\2019\Mon_06\Alg1197.cpp">
      <Filter>Source Files</Filter>
    </ClCompile>
    <ClCompile Include="Algorithm\2019\Mon_06\Alg1238.cpp">
      <Filter>Source Files</Filter>
    </ClCompile>
    <ClCompile Include="Algorithm\2019\Mon_06\Alg1431.cpp">
      <Filter>Source Files</Filter>
    </ClCompile>
    <ClCompile Include="Algorithm\2019\Mon_06\Alg1449.cpp">
      <Filter>Source Files</Filter>
    </ClCompile>
    <ClCompile Include="Algorithm\2019\Mon_06\Alg1493.cpp">
      <Filter>Source Files</Filter>
    </ClCompile>
    <ClCompile Include="Algorithm\2019\Mon_06\Alg1700.cpp">
      <Filter>Source Files</Filter>
    </ClCompile>
    <ClCompile Include="Algorithm\2019\Mon_06\Alg1715.cpp">
      <Filter>Source Files</Filter>
    </ClCompile>
    <ClCompile Include="Algorithm\2019\Mon_06\Alg1748.cpp">
      <Filter>Source Files</Filter>
    </ClCompile>
    <ClCompile Include="Algorithm\2019\Mon_06\Alg1753.cpp">
      <Filter>Source Files</Filter>
    </ClCompile>
    <ClCompile Include="Algorithm\2019\Mon_06\Alg1764.cpp">
      <Filter>Source Files</Filter>
    </ClCompile>
    <ClCompile Include="Algorithm\2019\Mon_06\Alg1766.cpp">
      <Filter>Source Files</Filter>
    </ClCompile>
    <ClCompile Include="Algorithm\2019\Mon_06\Alg1927.cpp">
      <Filter>Source Files</Filter>
    </ClCompile>
    <ClCompile Include="Algorithm\2019\Mon_06\Alg1931.cpp">
      <Filter>Source Files</Filter>
    </ClCompile>
    <ClCompile Include="Algorithm\2019\Mon_06\Alg1969.cpp">
      <Filter>Source Files</Filter>
    </ClCompile>
    <ClCompile Include="Algorithm\2019\Mon_06\Alg2014.cpp">
      <Filter>Source Files</Filter>
    </ClCompile>
    <ClCompile Include="Algorithm\2019\Mon_06\Alg2075.cpp">
      <Filter>Source Files</Filter>
    </ClCompile>
    <ClCompile Include="Algorithm\2019\Mon_06\Alg2104.cpp">
      <Filter>Source Files</Filter>
    </ClCompile>
    <ClCompile Include="Algorithm\2019\Mon_06\Alg2166.cpp">
      <Filter>Source Files</Filter>
    </ClCompile>
    <ClCompile Include="Algorithm\2019\Mon_06\Alg2212.cpp">
      <Filter>Source Files</Filter>
    </ClCompile>
    <ClCompile Include="Algorithm\2019\Mon_06\Alg2252.cpp">
      <Filter>Source Files</Filter>
    </ClCompile>
    <ClCompile Include="Algorithm\2019\Mon_06\Alg2467.cpp">
      <Filter>Source Files</Filter>
    </ClCompile>
    <ClCompile Include="Algorithm\2019\Mon_06\Alg2529.cpp">
      <Filter>Source Files</Filter>
    </ClCompile>
    <ClCompile Include="Algorithm\2019\Mon_06\Alg2623.cpp">
      <Filter>Source Files</Filter>
    </ClCompile>
    <ClCompile Include="Algorithm\2019\Mon_06\Alg2908.cpp">
      <Filter>Source Files</Filter>
    </ClCompile>
    <ClCompile Include="Algorithm\2019\Mon_06\Alg2957.cpp">
      <Filter>Source Files</Filter>
    </ClCompile>
    <ClCompile Include="Algorithm\2019\Mon_06\Alg3085.cpp">
      <Filter>Source Files</Filter>
    </ClCompile>
    <ClCompile Include="Algorithm\2019\Mon_06\Alg3665.cpp">
      <Filter>Source Files</Filter>
    </ClCompile>
    <ClCompile Include="Algorithm\2019\Mon_06\Alg4796.cpp">
      <Filter>Source Files</Filter>
    </ClCompile>
    <ClCompile Include="Algorithm\2019\Mon_06\Alg5430.cpp">
      <Filter>Source Files</Filter>
    </ClCompile>
    <ClCompile Include="Algorithm\2019\Mon_06\Alg6129.cpp">
      <Filter>Source Files</Filter>
    </ClCompile>
    <ClCompile Include="Algorithm\2019\Mon_06\Alg7785.cpp">
      <Filter>Source Files</Filter>
    </ClCompile>
    <ClCompile Include="Algorithm\2019\Mon_06\Alg9470.cpp">
      <Filter>Source Files</Filter>
    </ClCompile>
    <ClCompile Include="Algorithm\2019\Mon_06\Alg10866.cpp">
      <Filter>Source Files</Filter>
    </ClCompile>
    <ClCompile Include="Algorithm\2019\Mon_06\Alg11000.cpp">
      <Filter>Source Files</Filter>
    </ClCompile>
    <ClCompile Include="Algorithm\2019\Mon_06\Alg11047.cpp">
      <Filter>Source Files</Filter>
    </ClCompile>
    <ClCompile Include="Algorithm\2019\Mon_06\Alg11286.cpp">
      <Filter>Source Files</Filter>
    </ClCompile>
    <ClCompile Include="Algorithm\2019\Mon_06\Alg11758.cpp">
      <Filter>Source Files</Filter>
    </ClCompile>
    <ClCompile Include="Algorithm\2019\Mon_06\Alg12755.cpp">
      <Filter>Source Files</Filter>
    </ClCompile>
    <ClCompile Include="Algorithm\2019\Mon_06\Alg12756.cpp">
      <Filter>Source Files</Filter>
    </ClCompile>
    <ClCompile Include="Algorithm\2019\Mon_06\Alg12757.cpp">
      <Filter>Source Files</Filter>
    </ClCompile>
    <ClCompile Include="Algorithm\2019\Mon_06\Alg12758.cpp">
      <Filter>Source Files</Filter>
    </ClCompile>
    <ClCompile Include="Algorithm\2019\Mon_06\Alg12759.cpp">
      <Filter>Source Files</Filter>
    </ClCompile>
    <ClCompile Include="Algorithm\2019\Mon_06\Alg12760.cpp">
      <Filter>Source Files</Filter>
    </ClCompile>
    <ClCompile Include="Algorithm\2019\Mon_06\Alg12761.cpp">
      <Filter>Source Files</Filter>
    </ClCompile>
    <ClCompile Include="Algorithm\2019\Mon_06\Alg12762.cpp">
      <Filter>Source Files</Filter>
    </ClCompile>
    <ClCompile Include="Algorithm\2019\Mon_06\Alg12763.cpp">
      <Filter>Source Files</Filter>
    </ClCompile>
    <ClCompile Include="Algorithm\2019\Mon_06\Alg12764.cpp">
      <Filter>Source Files</Filter>
    </ClCompile>
    <ClCompile Include="Algorithm\2019\Mon_06\Alg12781.cpp">
      <Filter>Source Files</Filter>
    </ClCompile>
    <ClCompile Include="Algorithm\2019\Mon_06\Alg13904.cpp">
      <Filter>Source Files</Filter>
    </ClCompile>
    <ClCompile Include="Algorithm\2019\Mon_06\Alg14624.cpp">
      <Filter>Source Files</Filter>
    </ClCompile>
    <ClCompile Include="Algorithm\2019\Mon_06\Alg14625.cpp">
      <Filter>Source Files</Filter>
    </ClCompile>
    <ClCompile Include="Algorithm\2019\Mon_06\Alg14626.cpp">
      <Filter>Source Files</Filter>
    </ClCompile>
    <ClCompile Include="Algorithm\2019\Mon_06\Alg16681.cpp">
      <Filter>Source Files</Filter>
    </ClCompile>
    <ClCompile Include="Algorithm\2019\Mon_07\codeforces\575Div3\A.cpp">
      <Filter>Source Files</Filter>
    </ClCompile>
    <ClCompile Include="Algorithm\2019\Mon_07\codeforces\575Div3\D.cpp">
      <Filter>Source Files</Filter>
    </ClCompile>
    <ClCompile Include="Algorithm\2019\Mon_07\codeforces\573A.cpp">
      <Filter>Source Files</Filter>
    </ClCompile>
    <ClCompile Include="Algorithm\2019\Mon_07\codeforces\573B.cpp">
      <Filter>Source Files</Filter>
    </ClCompile>
    <ClCompile Include="Algorithm\2019\Mon_07\codeforces\573C.cpp">
      <Filter>Source Files</Filter>
    </ClCompile>
    <ClCompile Include="Algorithm\2019\Mon_07\codeforces\573D.cpp">
      <Filter>Source Files</Filter>
    </ClCompile>
    <ClCompile Include="Algorithm\2019\Mon_07\retry\Alg1339.cpp">
      <Filter>Source Files</Filter>
    </ClCompile>
    <ClCompile Include="Algorithm\2019\Mon_07\retry\Alg1966.cpp">
      <Filter>Source Files</Filter>
    </ClCompile>
    <ClCompile Include="Algorithm\2019\Mon_07\retry\Alg1966_2.cpp">
      <Filter>Source Files</Filter>
    </ClCompile>
    <ClCompile Include="Algorithm\2019\Mon_07\retry\Alg1987.cpp">
      <Filter>Source Files</Filter>
    </ClCompile>
    <ClCompile Include="Algorithm\2019\Mon_07\retry\Alg2001.cpp">
      <Filter>Source Files</Filter>
    </ClCompile>
    <ClCompile Include="Algorithm\2019\Mon_07\retry\Alg2291.cpp">
      <Filter>Source Files</Filter>
    </ClCompile>
    <ClCompile Include="Algorithm\2019\Mon_07\Alg1021.cpp">
      <Filter>Source Files</Filter>
    </ClCompile>
    <ClCompile Include="Algorithm\2019\Mon_07\Alg1023.cpp">
      <Filter>Source Files</Filter>
    </ClCompile>
    <ClCompile Include="Algorithm\2019\Mon_07\Alg1036.cpp">
      <Filter>Source Files</Filter>
    </ClCompile>
    <ClCompile Include="Algorithm\2019\Mon_07\Alg1039.cpp">
      <Filter>Source Files</Filter>
    </ClCompile>
    <ClCompile Include="Algorithm\2019\Mon_07\Alg1102.cpp">
      <Filter>Source Files</Filter>
    </ClCompile>
    <ClCompile Include="Algorithm\2019\Mon_07\Alg1256.cpp">
      <Filter>Source Files</Filter>
    </ClCompile>
    <ClCompile Include="Algorithm\2019\Mon_07\Alg1300.cpp">
      <Filter>Source Files</Filter>
    </ClCompile>
    <ClCompile Include="Algorithm\2019\Mon_07\Alg1327.cpp">
      <Filter>Source Files</Filter>
    </ClCompile>
    <ClCompile Include="Algorithm\2019\Mon_07\Alg1339.cpp">
      <Filter>Source Files</Filter>
    </ClCompile>
    <ClCompile Include="Algorithm\2019\Mon_07\Alg1405.cpp">
      <Filter>Source Files</Filter>
    </ClCompile>
    <ClCompile Include="Algorithm\2019\Mon_07\Alg1406.cpp">
      <Filter>Source Files</Filter>
    </ClCompile>
    <ClCompile Include="Algorithm\2019\Mon_07\Alg1463.cpp">
      <Filter>Source Files</Filter>
    </ClCompile>
    <ClCompile Include="Algorithm\2019\Mon_07\Alg1525.cpp">
      <Filter>Source Files</Filter>
    </ClCompile>
    <ClCompile Include="Algorithm\2019\Mon_07\Alg1562.cpp">
      <Filter>Source Files</Filter>
    </ClCompile>
    <ClCompile Include="Algorithm\2019\Mon_07\Alg1654.cpp">
      <Filter>Source Files</Filter>
    </ClCompile>
    <ClCompile Include="Algorithm\2019\Mon_07\Alg1699.cpp">
      <Filter>Source Files</Filter>
    </ClCompile>
    <ClCompile Include="Algorithm\2019\Mon_07\Alg1725.cpp">
      <Filter>Source Files</Filter>
    </ClCompile>
    <ClCompile Include="Algorithm\2019\Mon_07\Alg1743.cpp">
      <Filter>Source Files</Filter>
    </ClCompile>
    <ClCompile Include="Algorithm\2019\Mon_07\Alg1904.cpp">
      <Filter>Source Files</Filter>
    </ClCompile>
    <ClCompile Include="Algorithm\2019\Mon_07\Alg1918.cpp">
      <Filter>Source Files</Filter>
    </ClCompile>
    <ClCompile Include="Algorithm\2019\Mon_07\Alg1935.cpp">
      <Filter>Source Files</Filter>
    </ClCompile>
    <ClCompile Include="Algorithm\2019\Mon_07\Alg1939.cpp">
      <Filter>Source Files</Filter>
    </ClCompile>
    <ClCompile Include="Algorithm\2019\Mon_07\Alg1966.cpp">
      <Filter>Source Files</Filter>
    </ClCompile>
    <ClCompile Include="Algorithm\2019\Mon_07\Alg2001.cpp">
      <Filter>Source Files</Filter>
    </ClCompile>
    <ClCompile Include="Algorithm\2019\Mon_07\Alg2110.cpp">
      <Filter>Source Files</Filter>
    </ClCompile>
    <ClCompile Include="Algorithm\2019\Mon_07\Alg2133.cpp">
      <Filter>Source Files</Filter>
    </ClCompile>
    <ClCompile Include="Algorithm\2019\Mon_07\Alg2164.cpp">
      <Filter>Source Files</Filter>
    </ClCompile>
    <ClCompile Include="Algorithm\2019\Mon_07\Alg2213.cpp">
      <Filter>Source Files</Filter>
    </ClCompile>
    <ClCompile Include="Algorithm\2019\Mon_07\Alg2248.cpp">
      <Filter>Source Files</Filter>
    </ClCompile>
    <ClCompile Include="Algorithm\2019\Mon_07\Alg2291.cpp">
      <Filter>Source Files</Filter>
    </ClCompile>
    <ClCompile Include="Algorithm\2019\Mon_07\Alg2294.cpp">
      <Filter>Source Files</Filter>
    </ClCompile>
    <ClCompile Include="Algorithm\2019\Mon_07\Alg2304.cpp">
      <Filter>Source Files</Filter>
    </ClCompile>
    <ClCompile Include="Algorithm\2019\Mon_07\Alg2339.cpp">
      <Filter>Source Files</Filter>
    </ClCompile>
    <ClCompile Include="Algorithm\2019\Mon_07\Alg2343.cpp">
      <Filter>Source Files</Filter>
    </ClCompile>
    <ClCompile Include="Algorithm\2019\Mon_07\Alg2346.cpp">
      <Filter>Source Files</Filter>
    </ClCompile>
    <ClCompile Include="Algorithm\2019\Mon_07\Alg2494.cpp">
      <Filter>Source Files</Filter>
    </ClCompile>
    <ClCompile Include="Algorithm\2019\Mon_07\Alg2512.cpp">
      <Filter>Source Files</Filter>
    </ClCompile>
    <ClCompile Include="Algorithm\2019\Mon_07\Alg2533.cpp">
      <Filter>Source Files</Filter>
    </ClCompile>
    <ClCompile Include="Algorithm\2019\Mon_07\Alg2580.cpp">
      <Filter>Source Files</Filter>
    </ClCompile>
    <ClCompile Include="Algorithm\2019\Mon_07\Alg2661.cpp">
      <Filter>Source Files</Filter>
    </ClCompile>
    <ClCompile Include="Algorithm\2019\Mon_07\Alg2753.cpp">
      <Filter>Source Files</Filter>
    </ClCompile>
    <ClCompile Include="Algorithm\2019\Mon_07\Alg2805.cpp">
      <Filter>Source Files</Filter>
    </ClCompile>
    <ClCompile Include="Algorithm\2019\Mon_07\Alg2840.cpp">
      <Filter>Source Files</Filter>
    </ClCompile>
    <ClCompile Include="Algorithm\2019\Mon_07\Alg2841.cpp">
      <Filter>Source Files</Filter>
    </ClCompile>
    <ClCompile Include="Algorithm\2019\Mon_07\Alg3041.cpp">
      <Filter>Source Files</Filter>
    </ClCompile>
    <ClCompile Include="Algorithm\2019\Mon_07\Alg3078.cpp">
      <Filter>Source Files</Filter>
    </ClCompile>
    <ClCompile Include="Algorithm\2019\Mon_07\Alg3986.cpp">
      <Filter>Source Files</Filter>
    </ClCompile>
    <ClCompile Include="Algorithm\2019\Mon_07\Alg5014.cpp">
      <Filter>Source Files</Filter>
    </ClCompile>
    <ClCompile Include="Algorithm\2019\Mon_07\Alg5076.cpp">
      <Filter>Source Files</Filter>
    </ClCompile>
    <ClCompile Include="Algorithm\2019\Mon_07\Alg5397.cpp">
      <Filter>Source Files</Filter>
    </ClCompile>
    <ClCompile Include="Algorithm\2019\Mon_07\Alg5427.cpp">
      <Filter>Source Files</Filter>
    </ClCompile>
    <ClCompile Include="Algorithm\2019\Mon_07\Alg6236.cpp">
      <Filter>Source Files</Filter>
    </ClCompile>
    <ClCompile Include="Algorithm\2019\Mon_07\Alg7562.cpp">
      <Filter>Source Files</Filter>
    </ClCompile>
    <ClCompile Include="Algorithm\2019\Mon_07\Alg9465.cpp">
      <Filter>Source Files</Filter>
    </ClCompile>
    <ClCompile Include="Algorithm\2019\Mon_07\Alg9466.cpp">
      <Filter>Source Files</Filter>
    </ClCompile>
    <ClCompile Include="Algorithm\2019\Mon_07\Alg9663.cpp">
      <Filter>Source Files</Filter>
    </ClCompile>
    <ClCompile Include="Algorithm\2019\Mon_07\Alg10026.cpp">
      <Filter>Source Files</Filter>
    </ClCompile>
    <ClCompile Include="Algorithm\2019\Mon_07\Alg10265.cpp">
      <Filter>Source Files</Filter>
    </ClCompile>
    <ClCompile Include="Algorithm\2019\Mon_07\Alg10597.cpp">
      <Filter>Source Files</Filter>
    </ClCompile>
    <ClCompile Include="Algorithm\2019\Mon_07\Alg10610.cpp">
      <Filter>Source Files</Filter>
    </ClCompile>
    <ClCompile Include="Algorithm\2019\Mon_07\Alg10844.cpp">
      <Filter>Source Files</Filter>
    </ClCompile>
    <ClCompile Include="Algorithm\2019\Mon_07\Alg11053.cpp">
      <Filter>Source Files</Filter>
    </ClCompile>
    <ClCompile Include="Algorithm\2019\Mon_07\Alg11403.cpp">
      <Filter>Source Files</Filter>
    </ClCompile>
    <ClCompile Include="Algorithm\2019\Mon_07\Alg11441.cpp">
      <Filter>Source Files</Filter>
    </ClCompile>
    <ClCompile Include="Algorithm\2019\Mon_07\Alg11659.cpp">
      <Filter>Source Files</Filter>
    </ClCompile>
    <ClCompile Include="Algorithm\2019\Mon_07\Alg11660.cpp">
      <Filter>Source Files</Filter>
    </ClCompile>
    <ClCompile Include="Algorithm\2019\Mon_07\Alg11723.cpp">
      <Filter>Source Files</Filter>
    </ClCompile>
    <ClCompile Include="Algorithm\2019\Mon_07\Alg11729.cpp">
      <Filter>Source Files</Filter>
    </ClCompile>
    <ClCompile Include="Algorithm\2019\Mon_07\Alg11969.cpp">
      <Filter>Source Files</Filter>
    </ClCompile>
    <ClCompile Include="Algorithm\2019\Mon_07\Alg12865.cpp">
      <Filter>Source Files</Filter>
    </ClCompile>
    <ClCompile Include="Algorithm\2019\Mon_07\Alg14728.cpp">
      <Filter>Source Files</Filter>
    </ClCompile>
    <ClCompile Include="Algorithm\2019\Mon_07\Alg15732.cpp">
      <Filter>Source Files</Filter>
    </ClCompile>
    <ClCompile Include="Algorithm\2019\Mon_07\Alg16397.cpp">
      <Filter>Source Files</Filter>
    </ClCompile>
    <ClCompile Include="Algorithm\2019\Mon_07\Alg16434.cpp">
      <Filter>Source Files</Filter>
    </ClCompile>
    <ClCompile Include="Algorithm\2019\Mon_07\Alg16500.cpp">
      <Filter>Source Files</Filter>
    </ClCompile>
    <ClCompile Include="Algorithm\2019\Mon_07\Alg17136.cpp">
      <Filter>Source Files</Filter>
    </ClCompile>
    <ClCompile Include="Algorithm\2019\Mon_07\test.cpp">
      <Filter>Source Files</Filter>
    </ClCompile>
    <ClCompile Include="Algorithm\2019\Mon_08\retry\Alg1016.cpp">
      <Filter>Source Files</Filter>
    </ClCompile>
    <ClCompile Include="Algorithm\2019\Mon_08\retry\Alg2038.cpp">
      <Filter>Source Files</Filter>
    </ClCompile>
    <ClCompile Include="Algorithm\2019\Mon_08\retry\Alg11997.cpp">
      <Filter>Source Files</Filter>
    </ClCompile>
    <ClCompile Include="Algorithm\2019\Mon_08\Alg1016.cpp">
      <Filter>Source Files</Filter>
    </ClCompile>
    <ClCompile Include="Algorithm\2019\Mon_08\Alg1068.cpp">
      <Filter>Source Files</Filter>
    </ClCompile>
    <ClCompile Include="Algorithm\2019\Mon_08\Alg1269.cpp">
      <Filter>Source Files</Filter>
    </ClCompile>
    <ClCompile Include="Algorithm\2019\Mon_08\Alg1351.cpp">
      <Filter>Source Files</Filter>
    </ClCompile>
    <ClCompile Include="Algorithm\2019\Mon_08\Alg1365.cpp">
      <Filter>Source Files</Filter>
    </ClCompile>
    <ClCompile Include="Algorithm\2019\Mon_08\Alg1456.cpp">
      <Filter>Source Files</Filter>
    </ClCompile>
    <ClCompile Include="Algorithm\2019\Mon_08\Alg1484.cpp">
      <Filter>Source Files</Filter>
    </ClCompile>
    <ClCompile Include="Algorithm\2019\Mon_08\Alg1620.cpp">
      <Filter>Source Files</Filter>
    </ClCompile>
    <ClCompile Include="Algorithm\2019\Mon_08\Alg1644.cpp">
      <Filter>Source Files</Filter>
    </ClCompile>
    <ClCompile Include="Algorithm\2019\Mon_08\Alg1717.cpp">
      <Filter>Source Files</Filter>
    </ClCompile>
    <ClCompile Include="Algorithm\2019\Mon_08\Alg1806.cpp">
      <Filter>Source Files</Filter>
    </ClCompile>
    <ClCompile Include="Algorithm\2019\Mon_08\Alg1949.cpp">
      <Filter>Source Files</Filter>
    </ClCompile>
    <ClCompile Include="Algorithm\2019\Mon_08\Alg1967.cpp">
      <Filter>Source Files</Filter>
    </ClCompile>
    <ClCompile Include="Algorithm\2019\Mon_08\Alg1976.cpp">
      <Filter>Source Files</Filter>
    </ClCompile>
    <ClCompile Include="Algorithm\2019\Mon_08\Alg1991.cpp">
      <Filter>Source Files</Filter>
    </ClCompile>
    <ClCompile Include="Algorithm\2019\Mon_08\Alg1992.cpp">
      <Filter>Source Files</Filter>
    </ClCompile>
    <ClCompile Include="Algorithm\2019\Mon_08\Alg2003.cpp">
      <Filter>Source Files</Filter>
    </ClCompile>
    <ClCompile Include="Algorithm\2019\Mon_08\Alg2014.cpp">
      <Filter>Source Files</Filter>
    </ClCompile>
    <ClCompile Include="Algorithm\2019\Mon_08\Alg2038.cpp">
      <Filter>Source Files</Filter>
    </ClCompile>
    <ClCompile Include="Algorithm\2019\Mon_08\Alg2042.cpp">
      <Filter>Source Files</Filter>
    </ClCompile>
    <ClCompile Include="Algorithm\2019\Mon_08\Alg2096.cpp">
      <Filter>Source Files</Filter>
    </ClCompile>
    <ClCompile Include="Algorithm\2019\Mon_08\Alg2250.cpp">
      <Filter>Source Files</Filter>
    </ClCompile>
    <ClCompile Include="Algorithm\2019\Mon_08\Alg2268.cpp">
      <Filter>Source Files</Filter>
    </ClCompile>
    <ClCompile Include="Algorithm\2019\Mon_08\Alg2287.cpp">
      <Filter>Source Files</Filter>
    </ClCompile>
    <ClCompile Include="Algorithm\2019\Mon_08\Alg2293.cpp">
      <Filter>Source Files</Filter>
    </ClCompile>
    <ClCompile Include="Algorithm\2019\Mon_08\Alg2696.cpp">
      <Filter>Source Files</Filter>
    </ClCompile>
    <ClCompile Include="Algorithm\2019\Mon_08\Alg2884.cpp">
      <Filter>Source Files</Filter>
    </ClCompile>
    <ClCompile Include="Algorithm\2019\Mon_08\Alg2904.cpp">
      <Filter>Source Files</Filter>
    </ClCompile>
    <ClCompile Include="Algorithm\2019\Mon_08\Alg2960.cpp">
      <Filter>Source Files</Filter>
    </ClCompile>
    <ClCompile Include="Algorithm\2019\Mon_08\Alg3006.cpp">
      <Filter>Source Files</Filter>
    </ClCompile>
    <ClCompile Include="Algorithm\2019\Mon_08\Alg3482.cpp">
      <Filter>Source Files</Filter>
    </ClCompile>
    <ClCompile Include="Algorithm\2019\Mon_08\Alg3745.cpp">
      <Filter>Source Files</Filter>
    </ClCompile>
    <ClCompile Include="Algorithm\2019\Mon_08\Alg3780.cpp">
      <Filter>Source Files</Filter>
    </ClCompile>
    <ClCompile Include="Algorithm\2019\Mon_08\Alg3896.cpp">
      <Filter>Source Files</Filter>
    </ClCompile>
    <ClCompile Include="Algorithm\2019\Mon_08\Alg4195.cpp">
      <Filter>Source Files</Filter>
    </ClCompile>
    <ClCompile Include="Algorithm\2019\Mon_08\Alg4256.cpp">
      <Filter>Source Files</Filter>
    </ClCompile>
    <ClCompile Include="Algorithm\2019\Mon_08\Alg4803.cpp">
      <Filter>Source Files</Filter>
    </ClCompile>
    <ClCompile Include="Algorithm\2019\Mon_08\Alg6588.cpp">
      <Filter>Source Files</Filter>
    </ClCompile>
    <ClCompile Include="Algorithm\2019\Mon_08\Alg9421.cpp">
      <Filter>Source Files</Filter>
    </ClCompile>
    <ClCompile Include="Algorithm\2019\Mon_08\Alg9938.cpp">
      <Filter>Source Files</Filter>
    </ClCompile>
    <ClCompile Include="Algorithm\2019\Mon_08\Alg10211.cpp">
      <Filter>Source Files</Filter>
    </ClCompile>
    <ClCompile Include="Algorithm\2019\Mon_08\Alg10775.cpp">
      <Filter>Source Files</Filter>
    </ClCompile>
    <ClCompile Include="Algorithm\2019\Mon_08\Alg10986.cpp">
      <Filter>Source Files</Filter>
    </ClCompile>
    <ClCompile Include="Algorithm\2019\Mon_08\Alg11505.cpp">
      <Filter>Source Files</Filter>
    </ClCompile>
    <ClCompile Include="Algorithm\2019\Mon_08\Alg11725.cpp">
      <Filter>Source Files</Filter>
    </ClCompile>
    <ClCompile Include="Algorithm\2019\Mon_08\Alg11997.cpp">
      <Filter>Source Files</Filter>
    </ClCompile>
    <ClCompile Include="Algorithm\2019\Mon_08\Alg12015.cpp">
      <Filter>Source Files</Filter>
    </ClCompile>
    <ClCompile Include="Algorithm\2019\Mon_08\Alg12837.cpp">
      <Filter>Source Files</Filter>
    </ClCompile>
    <ClCompile Include="Algorithm\2019\Mon_08\Alg16139.cpp">
      <Filter>Source Files</Filter>
    </ClCompile>
    <ClCompile Include="Algorithm\2019\Mon_08\Alg16437.cpp">
      <Filter>Source Files</Filter>
    </ClCompile>
    <ClCompile Include="Algorithm\2019\Mon_08\Alg16507.cpp">
      <Filter>Source Files</Filter>
    </ClCompile>
    <ClCompile Include="Algorithm\2019\Mon_08\Alg16562.cpp">
      <Filter>Source Files</Filter>
    </ClCompile>
    <ClCompile Include="Algorithm\2019\Mon_08\Alg16713.cpp">
      <Filter>Source Files</Filter>
    </ClCompile>
    <ClCompile Include="Algorithm\2019\Mon_08\Alg17203.cpp">
      <Filter>Source Files</Filter>
    </ClCompile>
    <ClCompile Include="Algorithm\2019\Mon_08\Alg17398.cpp">
      <Filter>Source Files</Filter>
    </ClCompile>
    <ClCompile Include="Algorithm\2019\Mon_09\Alg1916.cpp">
      <Filter>Source Files</Filter>
    </ClCompile>
    <ClCompile Include="Algorithm\2019\Mon_09\Alg1938.cpp">
      <Filter>Source Files</Filter>
    </ClCompile>
    <ClCompile Include="Algorithm\2019\Mon_09\Alg15422.cpp">
      <Filter>Source Files</Filter>
    </ClCompile>
    <ClCompile Include="Algorithm\2019\Mon_10\hw1.c">
      <Filter>Source Files</Filter>
    </ClCompile>
    <ClCompile Include="Algorithm\2019\Mon_11\Alg1890.cpp">
      <Filter>Source Files</Filter>
    </ClCompile>
    <ClCompile Include="Algorithm\2019\Mon_11\Alg2042.cpp">
      <Filter>Source Files</Filter>
    </ClCompile>
    <ClCompile Include="Algorithm\2019\Mon_11\hw2.c">
      <Filter>Source Files</Filter>
    </ClCompile>
    <ClCompile Include="Algorithm\2019\Mon_11\test.cpp">
      <Filter>Source Files</Filter>
    </ClCompile>
    <ClCompile Include="Algorithm\2019\Mon_12\hw3.c">
      <Filter>Source Files</Filter>
    </ClCompile>
    <ClCompile Include="Algorithm\2019\scpc\2\1.cpp">
      <Filter>Source Files</Filter>
    </ClCompile>
    <ClCompile Include="Algorithm\2019\scpc\2\2.cpp">
      <Filter>Source Files</Filter>
    </ClCompile>
    <ClCompile Include="Algorithm\2019\scpc\2\3.cpp">
      <Filter>Source Files</Filter>
    </ClCompile>
    <ClCompile Include="Algorithm\2019\scpc\2\4.cpp">
      <Filter>Source Files</Filter>
    </ClCompile>
    <ClCompile Include="Algorithm\2019\scpc\2\5.cpp">
      <Filter>Source Files</Filter>
    </ClCompile>
    <ClCompile Include="Algorithm\2019\scpc\1.cpp">
      <Filter>Source Files</Filter>
    </ClCompile>
    <ClCompile Include="Algorithm\2019\scpc\2.cpp">
      <Filter>Source Files</Filter>
    </ClCompile>
    <ClCompile Include="Algorithm\2019\scpc\3.cpp">
      <Filter>Source Files</Filter>
    </ClCompile>
    <ClCompile Include="Algorithm\2019\scpc\3_1.cpp">
      <Filter>Source Files</Filter>
    </ClCompile>
    <ClCompile Include="Algorithm\2019\scpc\4.cpp">
      <Filter>Source Files</Filter>
    </ClCompile>
    <ClCompile Include="Algorithm\2019\scpc\5.cpp">
      <Filter>Source Files</Filter>
    </ClCompile>
    <ClCompile Include="Algorithm\2020\mon_06\alg10874.cpp">
      <Filter>Source Files</Filter>
    </ClCompile>
    <ClCompile Include="Algorithm\2020\mon_06\alg10881.cpp">
      <Filter>Source Files</Filter>
    </ClCompile>
    <ClCompile Include="Algorithm\2020\mon_06\retry\alg10881.cpp">
      <Filter>Source Files</Filter>
    </ClCompile>
    <ClCompile Include="Algorithm\2020\mon_06\alg10875.cpp">
      <Filter>Source Files</Filter>
    </ClCompile>
    <ClCompile Include="Algorithm\2020\mon_06\alg10882.cpp">
      <Filter>Source Files</Filter>
    </ClCompile>
    <ClCompile Include="Algorithm\2020\weekly_vitaalgo\retry\0302_03.cpp">
      <Filter>Source Files</Filter>
    </ClCompile>
    <ClCompile Include="Algorithm\2020\weekly_vitaalgo\mon_03\0301_01.cpp">
      <Filter>Source Files</Filter>
    </ClCompile>
    <ClCompile Include="Algorithm\2020\weekly_vitaalgo\mon_03\0301_02.cpp">
      <Filter>Source Files</Filter>
    </ClCompile>
    <ClCompile Include="Algorithm\2020\weekly_vitaalgo\mon_03\0301_03.cpp">
      <Filter>Source Files</Filter>
    </ClCompile>
    <ClCompile Include="Algorithm\2020\weekly_vitaalgo\mon_03\0302_01.cpp">
      <Filter>Source Files</Filter>
    </ClCompile>
    <ClCompile Include="Algorithm\2020\weekly_vitaalgo\mon_03\0302_02.cpp">
      <Filter>Source Files</Filter>
    </ClCompile>
    <ClCompile Include="Algorithm\2020\weekly_vitaalgo\mon_03\0302_03.cpp">
      <Filter>Source Files</Filter>
    </ClCompile>
    <ClCompile Include="Algorithm\2020\weekly_vitaalgo\mon_03\0303_01.cpp">
      <Filter>Source Files</Filter>
    </ClCompile>
    <ClCompile Include="Algorithm\2020\weekly_vitaalgo\mon_03\0303_02.cpp">
      <Filter>Source Files</Filter>
    </ClCompile>
    <ClCompile Include="Algorithm\2020\weekly_vitaalgo\mon_03\0303_03.cpp">
      <Filter>Source Files</Filter>
    </ClCompile>
    <ClCompile Include="Algorithm\2020\weekly_vitaalgo\mon_03\0304_01.cpp">
      <Filter>Source Files</Filter>
    </ClCompile>
    <ClCompile Include="Algorithm\2020\weekly_vitaalgo\mon_03\0304_02.cpp">
      <Filter>Source Files</Filter>
    </ClCompile>
    <ClCompile Include="Algorithm\2020\weekly_vitaalgo\mon_03\0304_03.cpp">
      <Filter>Source Files</Filter>
    </ClCompile>
    <ClCompile Include="Algorithm\2020\weekly_vitaalgo\mon_03\0305_01.cpp">
      <Filter>Source Files</Filter>
    </ClCompile>
    <ClCompile Include="Algorithm\2020\weekly_vitaalgo\mon_03\0305_02.cpp">
      <Filter>Source Files</Filter>
    </ClCompile>
    <ClCompile Include="Algorithm\2020\weekly_vitaalgo\mon_03\0305_03.cpp">
      <Filter>Source Files</Filter>
    </ClCompile>
    <ClCompile Include="Algorithm\2020\weekly_vitaalgo\mon_04\0401_01.cpp">
      <Filter>Source Files</Filter>
    </ClCompile>
    <ClCompile Include="Algorithm\2020\mon_07\alps_contest\A.cpp">
      <Filter>Source Files</Filter>
    </ClCompile>
    <ClCompile Include="Algorithm\2020\mon_07\alps_contest\B.cpp">
      <Filter>Source Files</Filter>
    </ClCompile>
    <ClCompile Include="Algorithm\2020\mon_07\alps_contest\C.cpp">
      <Filter>Source Files</Filter>
    </ClCompile>
    <ClCompile Include="Algorithm\2020\mon_07\alps_contest\D.cpp">
      <Filter>Source Files</Filter>
    </ClCompile>
    <ClCompile Include="Algorithm\2020\mon_07\alps_contest\E.cpp">
      <Filter>Source Files</Filter>
    </ClCompile>
    <ClCompile Include="Algorithm\2020\mon_07\alps_contest\F.cpp">
      <Filter>Source Files</Filter>
    </ClCompile>
    <ClCompile Include="Algorithm\2020\mon_07\alps_contest\G.cpp">
      <Filter>Source Files</Filter>
    </ClCompile>
    <ClCompile Include="Algorithm\2020\mon_07\alps_contest\I.cpp">
      <Filter>Source Files</Filter>
    </ClCompile>
    <ClCompile Include="Algorithm\2020\weekly_vitaalgo\mon_04\0401_02.cpp">
      <Filter>Source Files</Filter>
    </ClCompile>
    <ClCompile Include="Algorithm\2020\weekly_vitaalgo\mon_04\0401_03.cpp">
      <Filter>Source Files</Filter>
    </ClCompile>
    <ClCompile Include="Algorithm\2020\weekly_vitaalgo\mon_04\0402_01.cpp">
      <Filter>Source Files</Filter>
    </ClCompile>
    <ClCompile Include="Algorithm\2020\weekly_vitaalgo\mon_04\0402_02.cpp">
      <Filter>Source Files</Filter>
    </ClCompile>
    <ClCompile Include="Algorithm\2020\weekly_vitaalgo\mon_04\0402_03.cpp">
      <Filter>Source Files</Filter>
    </ClCompile>
    <ClCompile Include="Algorithm\2020\weekly_vitaalgo\mon_04\0403_01.cpp">
      <Filter>Source Files</Filter>
    </ClCompile>
    <ClCompile Include="Algorithm\2020\weekly_vitaalgo\mon_04\0403_02.cpp">
      <Filter>Source Files</Filter>
    </ClCompile>
  </ItemGroup>
  <ItemGroup>
    <ClInclude Include="cppcont\src\cpp_src\chapter 11 source\oop 단계별 프로젝트 08단계\Account.h">
      <Filter>Header Files</Filter>
    </ClInclude>
    <ClInclude Include="cppcont\src\cpp_src\chapter 11 source\oop 단계별 프로젝트 08단계\AccountArray.h">
      <Filter>Header Files</Filter>
    </ClInclude>
    <ClInclude Include="cppcont\src\cpp_src\chapter 11 source\oop 단계별 프로젝트 08단계\AccountHandler.h">
      <Filter>Header Files</Filter>
    </ClInclude>
    <ClInclude Include="cppcont\src\cpp_src\chapter 11 source\oop 단계별 프로젝트 08단계\BankingCommonDecl.h">
      <Filter>Header Files</Filter>
    </ClInclude>
    <ClInclude Include="cppcont\src\cpp_src\chapter 11 source\oop 단계별 프로젝트 08단계\HighCreditAccount.h">
      <Filter>Header Files</Filter>
    </ClInclude>
    <ClInclude Include="cppcont\src\cpp_src\chapter 11 source\oop 단계별 프로젝트 08단계\NormalAccount.h">
      <Filter>Header Files</Filter>
    </ClInclude>
    <ClInclude Include="cppcont\src\cpp_src\chapter 12 soruce\oop 단계별 프로젝트 09단계\Account.h">
      <Filter>Header Files</Filter>
    </ClInclude>
    <ClInclude Include="cppcont\src\cpp_src\chapter 12 soruce\oop 단계별 프로젝트 09단계\AccountArray.h">
      <Filter>Header Files</Filter>
    </ClInclude>
    <ClInclude Include="cppcont\src\cpp_src\chapter 12 soruce\oop 단계별 프로젝트 09단계\AccountHandler.h">
      <Filter>Header Files</Filter>
    </ClInclude>
    <ClInclude Include="cppcont\src\cpp_src\chapter 12 soruce\oop 단계별 프로젝트 09단계\BankingCommonDecl.h">
      <Filter>Header Files</Filter>
    </ClInclude>
    <ClInclude Include="cppcont\src\cpp_src\chapter 12 soruce\oop 단계별 프로젝트 09단계\HighCreditAccount.h">
      <Filter>Header Files</Filter>
    </ClInclude>
    <ClInclude Include="cppcont\src\cpp_src\chapter 12 soruce\oop 단계별 프로젝트 09단계\NormalAccount.h">
      <Filter>Header Files</Filter>
    </ClInclude>
    <ClInclude Include="cppcont\src\cpp_src\chapter 12 soruce\oop 단계별 프로젝트 09단계\String.h">
      <Filter>Header Files</Filter>
    </ClInclude>
    <ClInclude Include="cppcont\src\cpp_src\chapter 13 source\oop 단계별 프로젝트 10단계\Account.h">
      <Filter>Header Files</Filter>
    </ClInclude>
    <ClInclude Include="cppcont\src\cpp_src\chapter 13 source\oop 단계별 프로젝트 10단계\AccountHandler.h">
      <Filter>Header Files</Filter>
    </ClInclude>
    <ClInclude Include="cppcont\src\cpp_src\chapter 13 source\oop 단계별 프로젝트 10단계\BankingCommonDecl.h">
      <Filter>Header Files</Filter>
    </ClInclude>
    <ClInclude Include="cppcont\src\cpp_src\chapter 13 source\oop 단계별 프로젝트 10단계\BoundCheckArray.h">
      <Filter>Header Files</Filter>
    </ClInclude>
    <ClInclude Include="cppcont\src\cpp_src\chapter 13 source\oop 단계별 프로젝트 10단계\HighCreditAccount.h">
      <Filter>Header Files</Filter>
    </ClInclude>
    <ClInclude Include="cppcont\src\cpp_src\chapter 13 source\oop 단계별 프로젝트 10단계\NormalAccount.h">
      <Filter>Header Files</Filter>
    </ClInclude>
    <ClInclude Include="cppcont\src\cpp_src\chapter 13 source\oop 단계별 프로젝트 10단계\String.h">
      <Filter>Header Files</Filter>
    </ClInclude>
    <ClInclude Include="cppcont\src\cpp_src\chapter 13 source\template array\ArrayTemplate.h">
      <Filter>Header Files</Filter>
    </ClInclude>
    <ClInclude Include="cppcont\src\cpp_src\chapter 13 source\template array\Point.h">
      <Filter>Header Files</Filter>
    </ClInclude>
    <ClInclude Include="cppcont\src\cpp_src\chapter 13 source\template header\PointTemplate.h">
      <Filter>Header Files</Filter>
    </ClInclude>
    <ClInclude Include="cppcont\src\cpp_src\chapter 14 source\template array\ArrayTemplate.h">
      <Filter>Header Files</Filter>
    </ClInclude>
    <ClInclude Include="cppcont\src\cpp_src\chapter 14 source\template array\PointTemplate.h">
      <Filter>Header Files</Filter>
    </ClInclude>
    <ClInclude Include="cppcont\src\cpp_src\chapter 15 source\oop 단계별 프로젝트 11단계\Account.h">
      <Filter>Header Files</Filter>
    </ClInclude>
    <ClInclude Include="cppcont\src\cpp_src\chapter 15 source\oop 단계별 프로젝트 11단계\AccountException.h">
      <Filter>Header Files</Filter>
    </ClInclude>
    <ClInclude Include="cppcont\src\cpp_src\chapter 15 source\oop 단계별 프로젝트 11단계\AccountHandler.h">
      <Filter>Header Files</Filter>
    </ClInclude>
    <ClInclude Include="cppcont\src\cpp_src\chapter 15 source\oop 단계별 프로젝트 11단계\BankingCommonDecl.h">
      <Filter>Header Files</Filter>
    </ClInclude>
    <ClInclude Include="cppcont\src\cpp_src\chapter 15 source\oop 단계별 프로젝트 11단계\BoundCheckArray.h">
      <Filter>Header Files</Filter>
    </ClInclude>
    <ClInclude Include="cppcont\src\cpp_src\chapter 15 source\oop 단계별 프로젝트 11단계\HighCreditAccount.h">
      <Filter>Header Files</Filter>
    </ClInclude>
    <ClInclude Include="cppcont\src\cpp_src\chapter 15 source\oop 단계별 프로젝트 11단계\NormalAccount.h">
      <Filter>Header Files</Filter>
    </ClInclude>
    <ClInclude Include="cppcont\src\cpp_src\chapter 15 source\oop 단계별 프로젝트 11단계\String.h">
      <Filter>Header Files</Filter>
    </ClInclude>
    <ClInclude Include="cppcont\src\cpp_src\chapter 3 source\inline파일분할\CarInline.h">
      <Filter>Header Files</Filter>
    </ClInclude>
    <ClInclude Include="cppcont\src\cpp_src\chapter 3 source\파일분할\Car.h">
      <Filter>Header Files</Filter>
    </ClInclude>
    <ClInclude Include="cppcont\src\cpp_src\chapter 4 source\rectanglefaultfind\Point.h">
      <Filter>Header Files</Filter>
    </ClInclude>
    <ClInclude Include="cppcont\src\cpp_src\chapter 4 source\rectanglefaultfind\Rectangle.h">
      <Filter>Header Files</Filter>
    </ClInclude>
    <ClInclude Include="cppcont\src\cpp_src\chapter 4 source\rectanglefaultfindconstadded\Point.h">
      <Filter>Header Files</Filter>
    </ClInclude>
    <ClInclude Include="cppcont\src\cpp_src\chapter 4 source\rectanglefaultfindconstadded\Rectangle.h">
      <Filter>Header Files</Filter>
    </ClInclude>
    <ClInclude Include="cppcont\src\cpp_src\chapter 9 source\oop 단계별 프로젝트 07단계\Account.h">
      <Filter>Header Files</Filter>
    </ClInclude>
    <ClInclude Include="cppcont\src\cpp_src\chapter 9 source\oop 단계별 프로젝트 07단계\AccountHandler.h">
      <Filter>Header Files</Filter>
    </ClInclude>
    <ClInclude Include="cppcont\src\cpp_src\chapter 9 source\oop 단계별 프로젝트 07단계\BankingCommonDecl.h">
      <Filter>Header Files</Filter>
    </ClInclude>
    <ClInclude Include="cppcont\src\cpp_src\chapter 9 source\oop 단계별 프로젝트 07단계\HighCreditAccount.h">
      <Filter>Header Files</Filter>
    </ClInclude>
    <ClInclude Include="cppcont\src\cpp_src\chapter 9 source\oop 단계별 프로젝트 07단계\NormalAccount.h">
      <Filter>Header Files</Filter>
    </ClInclude>
    <ClInclude Include="cppcont\src\namesp2\twofunc.h">
      <Filter>Header Files</Filter>
    </ClInclude>
  </ItemGroup>
</Project>